# This file is autogenerated, do not edit; changes may be undone by the next 'dep ensure'.


[[projects]]
  digest = "1:9242f7781fadfb7ade4f6df80a1b875354839261215abfdd8a271bb39410dba8"
  name = "github.com/golang/snappy"
  packages = ["."]
  pruneopts = "NUT"
  revision = "674baa8c7fc30da5df3074a459494a7e6b427dff"
  version = "v0.0.3"

[[projects]]
  digest = "1:3bd60aeee7a7980a31c0e8c4f0e30364c2f406420f6b2170295bac85b9c55d4a"
  name = "github.com/hashicorp/errwrap"
  packages = ["."]
  pruneopts = "NUT"
  revision = "7b00e5db719c64d14dd0caaacbd13e76254d02c0"
  version = "v1.1.0"

[[projects]]
  digest = "1:505577ef396fe0c229d7aa40f77fe1057c5368820de467557cca9e31871ddd33"
  name = "github.com/hashicorp/go-cleanhttp"
  packages = ["."]
  pruneopts = "NUT"
  revision = "6d9e2ac5d828e5f8594b97f88c4bde14a67bb6d2"
  version = "v0.5.2"

[[projects]]
  digest = "1:17d20692186bbbfed13377e96bf14d544a340bc54394a41157144111b711d674"
  name = "github.com/hashicorp/go-multierror"
  packages = ["."]
  pruneopts = "NUT"
  revision = "9974e9ec57696378079ecc3accd3d6f29401b3a0"
  version = "v1.1.1"

[[projects]]
  digest = "1:2ca84fb07000048bbee2832853ad3682bc5fdf7ca0139a6d1f70ebe6b19ed469"
  name = "github.com/hashicorp/go-retryablehttp"
  packages = ["."]
  pruneopts = "NUT"
  revision = "991b9d0a42d13014e3689dd49a94c02be01f4237"
  version = "v0.6.8"

[[projects]]
  digest = "1:3960f0fe0b67dd077bfa774446164491a2ab0314ea22c74acfae070a9ab4f44b"
  name = "github.com/hashicorp/go-rootcerts"
  packages = ["."]
  pruneopts = "NUT"
  revision = "98fadc2a5ba2ad2a534a179b352ecdfd1f4259aa"
  version = "v1.0.2"

[[projects]]
  digest = "1:6c69626c7aacae1e573084cdb6ed55713094ba56263f687e5d1750053bd08598"
  name = "github.com/hashicorp/go-sockaddr"
  packages = ["."]
  pruneopts = "NUT"
  revision = "c7188e74f6acae5a989bdc959aa779f8b9f42faf"
  version = "v1.0.2"

[[projects]]
  digest = "1:39f543569bf189e228c84a294c50aca8ea56c82b3d9df5c9b788249907d7049a"
  name = "github.com/hashicorp/hcl"
  packages = [
    ".",
    "hcl/ast",
    "hcl/parser",
    "hcl/scanner",
    "hcl/strconv",
    "hcl/token",
    "json/parser",
    "json/scanner",
    "json/token",
  ]
  pruneopts = "NUT"
  revision = "8cb6e5b959231cc1119e43259c4a608f9c51a241"
  version = "v1.0.0"

[[projects]]
  digest = "1:2c4f492adb9ede1feb73e67c7482650cd26ec49e75002f3601e2992cd252e624"
  name = "github.com/hashicorp/vault"
  packages = [
    "api",
    "sdk/helper/compressutil",
    "sdk/helper/consts",
    "sdk/helper/hclutil",
    "sdk/helper/jsonutil",
    "sdk/helper/parseutil",
    "sdk/helper/strutil",
  ]
  pruneopts = "NUT"
  revision = "b540be4b7ec48d0dd7512c8d8df9399d6bf84d76"
  version = "v1.6.3"

[[projects]]
  digest = "1:f9f72e583aaacf1d1ac5d6121abd4afd3c690baa9e14e1d009df26bf831ba347"
  name = "github.com/mitchellh/go-homedir"
  packages = ["."]
  pruneopts = "NUT"
  revision = "af06845cf3004701891bf4fdb884bfe4920b3727"
  version = "v1.1.0"

[[projects]]
  digest = "1:e807a55c05f34e8fe5481a90c175b3c5003d362a0fc96b36bd7fc51f35912c22"
  name = "github.com/mitchellh/mapstructure"
  packages = ["."]
  pruneopts = "NUT"
  revision = "8ebf2d61a8b4adcce25fc9fc9b76e8452a00672f"
  version = "v1.4.1"

[[projects]]
  digest = "1:597ac25461d8665470fb8e884f322d3780bf52d1339710120971a2e089641974"
  name = "github.com/pierrec/lz4"
  packages = [
    ".",
    "internal/xxh32",
  ]
  pruneopts = "NUT"
  revision = "0e583d326e0ec6b9c1ad223188dc709af385408e"
  version = "v2.6.0"

[[projects]]
  digest = "1:09d61699d553a4e6ec998ad29816177b1f3d3ed0c18fe923d2c174ec065c99c8"
  name = "github.com/ryanuber/go-glob"
  packages = ["."]
  pruneopts = "NUT"
  revision = "51a8f68e6c24dc43f1e371749c89a267de4ebc53"
  version = "v1.0.0"

[[projects]]
  branch = "master"
  digest = "1:b01eab0cb5556f082c4acae90a479812d5999ba3748e3fe8f9bc8f57bef56b3f"
  name = "golang.org/x/crypto"
  packages = [
    "ed25519",
    "ed25519/internal/edwards25519",
    "pbkdf2",
  ]
  pruneopts = "NUT"
  revision = "5ea612d1eb830b38bc4e914e37f55311eb58adce"

[[projects]]
  branch = "master"
  digest = "1:45dac1540d434ee78f44e1161d7fbc3d7ee5d73009f881044d5f21f374910e3a"
  name = "golang.org/x/net"
  packages = [
    "http/httpguts",
    "http2",
    "http2/hpack",
    "idna",
  ]
  pruneopts = "NUT"
  revision = "e18ecbb051101a46fc263334b127c89bc7bff7ea"

[[projects]]
  digest = "1:33168e887aff0e3eae823593f38433f28928104925e54a6252937e6e3939f904"
  name = "golang.org/x/text"
  packages = [
    "collate",
    "collate/build",
    "internal/colltab",
    "internal/gen",
    "internal/language",
    "internal/language/compact",
    "internal/tag",
    "internal/triegen",
    "internal/ucd",
    "language",
    "secure/bidirule",
    "transform",
    "unicode/bidi",
    "unicode/cldr",
    "unicode/norm",
    "unicode/rangetable",
  ]
  pruneopts = "NUT"
  revision = "75a595aef632b07c6eeaaa805adb6f0f66e4130e"
  version = "v0.3.5"

[[projects]]
  branch = "master"
  digest = "1:9a12483c63e8328a477280cd6855689af0f584eb580b66c0d113a1f5fe7791b0"
  name = "golang.org/x/time"
  packages = ["rate"]
  pruneopts = "NUT"
  revision = "f8bda1e9f3badef837c98cbaf4f7c335de90f266"

[[projects]]
  digest = "1:5c80eff97754efe808bc63db8d05a3d0a931c86ba2edb4fa6c26b23c3809c4b1"
  name = "gopkg.in/square/go-jose.v2"
  packages = [
    ".",
    "cipher",
    "json",
    "jwt",
  ]
  pruneopts = "NUT"
  revision = "3a5ee095dcb5030a9de84fb92c222ac652fff176"
  version = "v2.5.1"

[solve-meta]
  analyzer-name = "dep"
  analyzer-version = 1
  input-imports = ["github.com/hashicorp/vault/api"]
  solver-name = "gps-cdcl"
  solver-version = 1
